// !$*UTF8*$!
{
	archiveVersion = 1;
	classes = {
	};
	objectVersion = 50;
	objects = {

/* Begin PBXBuildFile section */
		DEDED92A253F3B2900BFF387 /* AppDelegate.swift in Sources */ = {isa = PBXBuildFile; fileRef = DEDED929253F3B2900BFF387 /* AppDelegate.swift */; };
		DEDED92C253F3B2900BFF387 /* SceneDelegate.swift in Sources */ = {isa = PBXBuildFile; fileRef = DEDED92B253F3B2900BFF387 /* SceneDelegate.swift */; };
		DEDED92E253F3B2900BFF387 /* ViewController.swift in Sources */ = {isa = PBXBuildFile; fileRef = DEDED92D253F3B2900BFF387 /* ViewController.swift */; };
		DEDED931253F3B2900BFF387 /* Main.storyboard in Resources */ = {isa = PBXBuildFile; fileRef = DEDED92F253F3B2900BFF387 /* Main.storyboard */; };
		DEDED934253F3B2900BFF387 /* Animals2010.xcdatamodeld in Sources */ = {isa = PBXBuildFile; fileRef = DEDED932253F3B2900BFF387 /* Animals2010.xcdatamodeld */; };
		DEDED936253F3B2F00BFF387 /* Assets.xcassets in Resources */ = {isa = PBXBuildFile; fileRef = DEDED935253F3B2F00BFF387 /* Assets.xcassets */; };
		DEDED939253F3B2F00BFF387 /* LaunchScreen.storyboard in Resources */ = {isa = PBXBuildFile; fileRef = DEDED937253F3B2F00BFF387 /* LaunchScreen.storyboard */; };
/* End PBXBuildFile section */

/* Begin PBXFileReference section */
		DEDED926253F3B2900BFF387 /* Animals2010.app */ = {isa = PBXFileReference; explicitFileType = wrapper.application; includeInIndex = 0; path = Animals2010.app; sourceTree = BUILT_PRODUCTS_DIR; };
		DEDED929253F3B2900BFF387 /* AppDelegate.swift */ = {isa = PBXFileReference; lastKnownFileType = sourcecode.swift; path = AppDelegate.swift; sourceTree = "<group>"; };
		DEDED92B253F3B2900BFF387 /* SceneDelegate.swift */ = {isa = PBXFileReference; lastKnownFileType = sourcecode.swift; path = SceneDelegate.swift; sourceTree = "<group>"; };
		DEDED92D253F3B2900BFF387 /* ViewController.swift */ = {isa = PBXFileReference; lastKnownFileType = sourcecode.swift; path = ViewController.swift; sourceTree = "<group>"; };
		DEDED930253F3B2900BFF387 /* Base */ = {isa = PBXFileReference; lastKnownFileType = file.storyboard; name = Base; path = Base.lproj/Main.storyboard; sourceTree = "<group>"; };
		DEDED933253F3B2900BFF387 /* Animals2010.xcdatamodel */ = {isa = PBXFileReference; lastKnownFileType = wrapper.xcdatamodel; path = Animals2010.xcdatamodel; sourceTree = "<group>"; };
		DEDED935253F3B2F00BFF387 /* Assets.xcassets */ = {isa = PBXFileReference; lastKnownFileType = folder.assetcatalog; path = Assets.xcassets; sourceTree = "<group>"; };
		DEDED938253F3B2F00BFF387 /* Base */ = {isa = PBXFileReference; lastKnownFileType = file.storyboard; name = Base; path = Base.lproj/LaunchScreen.storyboard; sourceTree = "<group>"; };
		DEDED93A253F3B2F00BFF387 /* Info.plist */ = {isa = PBXFileReference; lastKnownFileType = text.plist.xml; path = Info.plist; sourceTree = "<group>"; };
/* End PBXFileReference section */

/* Begin PBXFrameworksBuildPhase section */
		DEDED923253F3B2900BFF387 /* Frameworks */ = {
			isa = PBXFrameworksBuildPhase;
			buildActionMask = 2147483647;
			files = (
			);
			runOnlyForDeploymentPostprocessing = 0;
		};
/* End PBXFrameworksBuildPhase section */

/* Begin PBXGroup section */
		DEDED91D253F3B2900BFF387 = {
			isa = PBXGroup;
			children = (
				DEDED928253F3B2900BFF387 /* Animals2010 */,
				DEDED927253F3B2900BFF387 /* Products */,
			);
			sourceTree = "<group>";
		};
		DEDED927253F3B2900BFF387 /* Products */ = {
			isa = PBXGroup;
			children = (
				DEDED926253F3B2900BFF387 /* Animals2010.app */,
			);
			name = Products;
			sourceTree = "<group>";
		};
		DEDED928253F3B2900BFF387 /* Animals2010 */ = {
			isa = PBXGroup;
			children = (
				DEDED929253F3B2900BFF387 /* AppDelegate.swift */,
				DEDED92B253F3B2900BFF387 /* SceneDelegate.swift */,
				DEDED92D253F3B2900BFF387 /* ViewController.swift */,
				DEDED92F253F3B2900BFF387 /* Main.storyboard */,
				DEDED935253F3B2F00BFF387 /* Assets.xcassets */,
				DEDED937253F3B2F00BFF387 /* LaunchScreen.storyboard */,
				DEDED93A253F3B2F00BFF387 /* Info.plist */,
				DEDED932253F3B2900BFF387 /* Animals2010.xcdatamodeld */,
			);
			path = Animals2010;
			sourceTree = "<group>";
		};
/* End PBXGroup section */

/* Begin PBXNativeTarget section */
		DEDED925253F3B2900BFF387 /* Animals2010 */ = {
			isa = PBXNativeTarget;
			buildConfigurationList = DEDED93D253F3B2F00BFF387 /* Build configuration list for PBXNativeTarget "Animals2010" */;
			buildPhases = (
				DEDED922253F3B2900BFF387 /* Sources */,
				DEDED923253F3B2900BFF387 /* Frameworks */,
				DEDED924253F3B2900BFF387 /* Resources */,
			);
			buildRules = (
			);
			dependencies = (
			);
			name = Animals2010;
			productName = Animals2010;
			productReference = DEDED926253F3B2900BFF387 /* Animals2010.app */;
			productType = "com.apple.product-type.application";
		};
/* End PBXNativeTarget section */

/* Begin PBXProject section */
		DEDED91E253F3B2900BFF387 /* Project object */ = {
			isa = PBXProject;
			attributes = {
				LastSwiftUpdateCheck = 1200;
				LastUpgradeCheck = 1200;
				TargetAttributes = {
					DEDED925253F3B2900BFF387 = {
						CreatedOnToolsVersion = 12.0.1;
					};
				};
			};
			buildConfigurationList = DEDED921253F3B2900BFF387 /* Build configuration list for PBXProject "Animals2010" */;
			compatibilityVersion = "Xcode 9.3";
			developmentRegion = en;
			hasScannedForEncodings = 0;
			knownRegions = (
				en,
				Base,
			);
			mainGroup = DEDED91D253F3B2900BFF387;
			productRefGroup = DEDED927253F3B2900BFF387 /* Products */;
			projectDirPath = "";
			projectRoot = "";
			targets = (
				DEDED925253F3B2900BFF387 /* Animals2010 */,
			);
		};
/* End PBXProject section */

/* Begin PBXResourcesBuildPhase section */
		DEDED924253F3B2900BFF387 /* Resources */ = {
			isa = PBXResourcesBuildPhase;
			buildActionMask = 2147483647;
			files = (
				DEDED939253F3B2F00BFF387 /* LaunchScreen.storyboard in Resources */,
				DEDED936253F3B2F00BFF387 /* Assets.xcassets in Resources */,
				DEDED931253F3B2900BFF387 /* Main.storyboard in Resources */,
			);
			runOnlyForDeploymentPostprocessing = 0;
		};
/* End PBXResourcesBuildPhase section */

/* Begin PBXSourcesBuildPhase section */
		DEDED922253F3B2900BFF387 /* Sources */ = {
			isa = PBXSourcesBuildPhase;
			buildActionMask = 2147483647;
			files = (
				DEDED934253F3B2900BFF387 /* Animals2010.xcdatamodeld in Sources */,
				DEDED92E253F3B2900BFF387 /* ViewController.swift in Sources */,
				DEDED92A253F3B2900BFF387 /* AppDelegate.swift in Sources */,
				DEDED92C253F3B2900BFF387 /* SceneDelegate.swift in Sources */,
			);
			runOnlyForDeploymentPostprocessing = 0;
		};
/* End PBXSourcesBuildPhase section */

/* Begin PBXVariantGroup section */
		DEDED92F253F3B2900BFF387 /* Main.storyboard */ = {
			isa = PBXVariantGroup;
			children = (
				DEDED930253F3B2900BFF387 /* Base */,
			);
			name = Main.storyboard;
			sourceTree = "<group>";
		};
		DEDED937253F3B2F00BFF387 /* LaunchScreen.storyboard */ = {
			isa = PBXVariantGroup;
			children = (
				DEDED938253F3B2F00BFF387 /* Base */,
			);
			name = LaunchScreen.storyboard;
			sourceTree = "<group>";
		};
/* End PBXVariantGroup section */

/* Begin XCBuildConfiguration section */
		DEDED93B253F3B2F00BFF387 /* Debug */ = {
			isa = XCBuildConfiguration;
			buildSettings = {
				ALWAYS_SEARCH_USER_PATHS = NO;
				CLANG_ANALYZER_NONNULL = YES;
				CLANG_ANALYZER_NUMBER_OBJECT_CONVERSION = YES_AGGRESSIVE;
				CLANG_CXX_LANGUAGE_STANDARD = "gnu++14";
				CLANG_CXX_LIBRARY = "libc++";
				CLANG_ENABLE_MODULES = YES;
				CLANG_ENABLE_OBJC_ARC = YES;
				CLANG_ENABLE_OBJC_WEAK = YES;
				CLANG_WARN_BLOCK_CAPTURE_AUTORELEASING = YES;
				CLANG_WARN_BOOL_CONVERSION = YES;
				CLANG_WARN_COMMA = YES;
				CLANG_WARN_CONSTANT_CONVERSION = YES;
				CLANG_WARN_DEPRECATED_OBJC_IMPLEMENTATIONS = YES;
				CLANG_WARN_DIRECT_OBJC_ISA_USAGE = YES_ERROR;
				CLANG_WARN_DOCUMENTATION_COMMENTS = YES;
				CLANG_WARN_EMPTY_BODY = YES;
				CLANG_WARN_ENUM_CONVERSION = YES;
				CLANG_WARN_INFINITE_RECURSION = YES;
				CLANG_WARN_INT_CONVERSION = YES;
				CLANG_WARN_NON_LITERAL_NULL_CONVERSION = YES;
				CLANG_WARN_OBJC_IMPLICIT_RETAIN_SELF = YES;
				CLANG_WARN_OBJC_LITERAL_CONVERSION = YES;
				CLANG_WARN_OBJC_ROOT_CLASS = YES_ERROR;
				CLANG_WARN_QUOTED_INCLUDE_IN_FRAMEWORK_HEADER = YES;
				CLANG_WARN_RANGE_LOOP_ANALYSIS = YES;
				CLANG_WARN_STRICT_PROTOTYPES = YES;
				CLANG_WARN_SUSPICIOUS_MOVE = YES;
				CLANG_WARN_UNGUARDED_AVAILABILITY = YES_AGGRESSIVE;
				CLANG_WARN_UNREACHABLE_CODE = YES;
				CLANG_WARN__DUPLICATE_METHOD_MATCH = YES;
				COPY_PHASE_STRIP = NO;
				DEBUG_INFORMATION_FORMAT = dwarf;
				ENABLE_STRICT_OBJC_MSGSEND = YES;
				ENABLE_TESTABILITY = YES;
				GCC_C_LANGUAGE_STANDARD = gnu11;
				GCC_DYNAMIC_NO_PIC = NO;
				GCC_NO_COMMON_BLOCKS = YES;
				GCC_OPTIMIZATION_LEVEL = 0;
				GCC_PREPROCESSOR_DEFINITIONS = (
					"DEBUG=1",
					"$(inherited)",
				);
				GCC_WARN_64_TO_32_BIT_CONVERSION = YES;
				GCC_WARN_ABOUT_RETURN_TYPE = YES_ERROR;
				GCC_WARN_UNDECLARED_SELECTOR = YES;
				GCC_WARN_UNINITIALIZED_AUTOS = YES_AGGRESSIVE;
				GCC_WARN_UNUSED_FUNCTION = YES;
				GCC_WARN_UNUSED_VARIABLE = YES;
				IPHONEOS_DEPLOYMENT_TARGET = 14.0;
				MTL_ENABLE_DEBUG_INFO = INCLUDE_SOURCE;
				MTL_FAST_MATH = YES;
				ONLY_ACTIVE_ARCH = YES;
				SDKROOT = iphoneos;
				SWIFT_ACTIVE_COMPILATION_CONDITIONS = DEBUG;
				SWIFT_OPTIMIZATION_LEVEL = "-Onone";
			};
			name = Debug;
		};
		DEDED93C253F3B2F00BFF387 /* Release */ = {
			isa = XCBuildConfiguration;
			buildSettings = {
				ALWAYS_SEARCH_USER_PATHS = NO;
				CLANG_ANALYZER_NONNULL = YES;
				CLANG_ANALYZER_NUMBER_OBJECT_CONVERSION = YES_AGGRESSIVE;
				CLANG_CXX_LANGUAGE_STANDARD = "gnu++14";
				CLANG_CXX_LIBRARY = "libc++";
				CLANG_ENABLE_MODULES = YES;
				CLANG_ENABLE_OBJC_ARC = YES;
				CLANG_ENABLE_OBJC_WEAK = YES;
				CLANG_WARN_BLOCK_CAPTURE_AUTORELEASING = YES;
				CLANG_WARN_BOOL_CONVERSION = YES;
				CLANG_WARN_COMMA = YES;
				CLANG_WARN_CONSTANT_CONVERSION = YES;
				CLANG_WARN_DEPRECATED_OBJC_IMPLEMENTATIONS = YES;
				CLANG_WARN_DIRECT_OBJC_ISA_USAGE = YES_ERROR;
				CLANG_WARN_DOCUMENTATION_COMMENTS = YES;
				CLANG_WARN_EMPTY_BODY = YES;
				CLANG_WARN_ENUM_CONVERSION = YES;
				CLANG_WARN_INFINITE_RECURSION = YES;
				CLANG_WARN_INT_CONVERSION = YES;
				CLANG_WARN_NON_LITERAL_NULL_CONVERSION = YES;
				CLANG_WARN_OBJC_IMPLICIT_RETAIN_SELF = YES;
				CLANG_WARN_OBJC_LITERAL_CONVERSION = YES;
				CLANG_WARN_OBJC_ROOT_CLASS = YES_ERROR;
				CLANG_WARN_QUOTED_INCLUDE_IN_FRAMEWORK_HEADER = YES;
				CLANG_WARN_RANGE_LOOP_ANALYSIS = YES;
				CLANG_WARN_STRICT_PROTOTYPES = YES;
				CLANG_WARN_SUSPICIOUS_MOVE = YES;
				CLANG_WARN_UNGUARDED_AVAILABILITY = YES_AGGRESSIVE;
				CLANG_WARN_UNREACHABLE_CODE = YES;
				CLANG_WARN__DUPLICATE_METHOD_MATCH = YES;
				COPY_PHASE_STRIP = NO;
				DEBUG_INFORMATION_FORMAT = "dwarf-with-dsym";
				ENABLE_NS_ASSERTIONS = NO;
				ENABLE_STRICT_OBJC_MSGSEND = YES;
				GCC_C_LANGUAGE_STANDARD = gnu11;
				GCC_NO_COMMON_BLOCKS = YES;
				GCC_WARN_64_TO_32_BIT_CONVERSION = YES;
				GCC_WARN_ABOUT_RETURN_TYPE = YES_ERROR;
				GCC_WARN_UNDECLARED_SELECTOR = YES;
				GCC_WARN_UNINITIALIZED_AUTOS = YES_AGGRESSIVE;
				GCC_WARN_UNUSED_FUNCTION = YES;
				GCC_WARN_UNUSED_VARIABLE = YES;
				IPHONEOS_DEPLOYMENT_TARGET = 14.0;
				MTL_ENABLE_DEBUG_INFO = NO;
				MTL_FAST_MATH = YES;
				SDKROOT = iphoneos;
				SWIFT_COMPILATION_MODE = wholemodule;
				SWIFT_OPTIMIZATION_LEVEL = "-O";
				VALIDATE_PRODUCT = YES;
			};
			name = Release;
		};
		DEDED93E253F3B2F00BFF387 /* Debug */ = {
			isa = XCBuildConfiguration;
			buildSettings = {
				ASSETCATALOG_COMPILER_APPICON_NAME = AppIcon;
				ASSETCATALOG_COMPILER_GLOBAL_ACCENT_COLOR_NAME = AccentColor;
				CODE_SIGN_STYLE = Automatic;
				DEVELOPMENT_TEAM = 2RTB92KRCF;
				INFOPLIST_FILE = Animals2010/Info.plist;
				LD_RUNPATH_SEARCH_PATHS = (
					"$(inherited)",
					"@executable_path/Frameworks",
				);
				PRODUCT_BUNDLE_IDENTIFIER = korshina.Animals2010;
				PRODUCT_NAME = "$(TARGET_NAME)";
				SWIFT_VERSION = 5.0;
				TARGETED_DEVICE_FAMILY = "1,2";
			};
			name = Debug;
		};
		DEDED93F253F3B2F00BFF387 /* Release */ = {
			isa = XCBuildConfiguration;
			buildSettings = {
				ASSETCATALOG_COMPILER_APPICON_NAME = AppIcon;
				ASSETCATALOG_COMPILER_GLOBAL_ACCENT_COLOR_NAME = AccentColor;
				CODE_SIGN_STYLE = Automatic;
				DEVELOPMENT_TEAM = 2RTB92KRCF;
				INFOPLIST_FILE = Animals2010/Info.plist;
				LD_RUNPATH_SEARCH_PATHS = (
					"$(inherited)",
					"@executable_path/Frameworks",
				);
				PRODUCT_BUNDLE_IDENTIFIER = korshina.Animals2010;
				PRODUCT_NAME = "$(TARGET_NAME)";
				SWIFT_VERSION = 5.0;
				TARGETED_DEVICE_FAMILY = "1,2";
			};
			name = Release;
		};
/* End XCBuildConfiguration section */

/* Begin XCConfigurationList section */
		DEDED921253F3B2900BFF387 /* Build configuration list for PBXProject "Animals2010" */ = {
			isa = XCConfigurationList;
			buildConfigurations = (
				DEDED93B253F3B2F00BFF387 /* Debug */,
				DEDED93C253F3B2F00BFF387 /* Release */,
			);
			defaultConfigurationIsVisible = 0;
			defaultConfigurationName = Release;
		};
		DEDED93D253F3B2F00BFF387 /* Build configuration list for PBXNativeTarget "Animals2010" */ = {
			isa = XCConfigurationList;
			buildConfigurations = (
				DEDED93E253F3B2F00BFF387 /* Debug */,
				DEDED93F253F3B2F00BFF387 /* Release */,
			);
			defaultConfigurationIsVisible = 0;
			defaultConfigurationName = Release;
		};
/* End XCConfigurationList section */

/* Begin XCVersionGroup section */
		DEDED932253F3B2900BFF387 /* Animals2010.xcdatamodeld */ = {
			isa = XCVersionGroup;
			children = (
				DEDED933253F3B2900BFF387 /* Animals2010.xcdatamodel */,
			);
			currentVersion = DEDED933253F3B2900BFF387 /* Animals2010.xcdatamodel */;
			path = Animals2010.xcdatamodeld;
			sourceTree = "<group>";
			versionGroupType = wrapper.xcdatamodel;
		};
/* End XCVersionGroup section */
	};
	rootObject = DEDED91E253F3B2900BFF387 /* Project object */;
}
